
Microsoft Visual Studio Solution File, Format Version 12.00
# Visual Studio Version 16
VisualStudioVersion = 16.0.30011.22
MinimumVisualStudioVersion = 10.0.40219.1
Project("{FAE04EC0-301F-11D3-BF4B-00C04F79EFBC}") = "Small Snippets", "Small Snippets\Small Snippets.csproj", "{8B17A2D0-F113-4A0A-95C7-96CD0B3CA0C4}"
EndProject
Project("{FAE04EC0-301F-11D3-BF4B-00C04F79EFBC}") = "Noppa", "Noppa\Noppa.csproj", "{0797D66C-C31C-4097-8CD5-8B8B94C1AE99}"
EndProject
Project("{FAE04EC0-301F-11D3-BF4B-00C04F79EFBC}") = "Scratchpad", "Scratchpad\Scratchpad.csproj", "{276079B6-32A9-40B3-8914-2CBC83AE0C06}"
EndProject
Global
	GlobalSection(SolutionConfigurationPlatforms) = preSolution
		Debug|Any CPU = Debug|Any CPU
		Release|Any CPU = Release|Any CPU
	EndGlobalSection
	GlobalSection(ProjectConfigurationPlatforms) = postSolution
		{8B17A2D0-F113-4A0A-95C7-96CD0B3CA0C4}.Debug|Any CPU.ActiveCfg = Debug|Any CPU
		{8B17A2D0-F113-4A0A-95C7-96CD0B3CA0C4}.Debug|Any CPU.Build.0 = Debug|Any CPU
		{8B17A2D0-F113-4A0A-95C7-96CD0B3CA0C4}.Release|Any CPU.ActiveCfg = Release|Any CPU
		{8B17A2D0-F113-4A0A-95C7-96CD0B3CA0C4}.Release|Any CPU.Build.0 = Release|Any CPU
		{0797D66C-C31C-4097-8CD5-8B8B94C1AE99}.Debug|Any CPU.ActiveCfg = Debug|Any CPU
		{0797D66C-C31C-4097-8CD5-8B8B94C1AE99}.Debug|Any CPU.Build.0 = Debug|Any CPU
		{0797D66C-C31C-4097-8CD5-8B8B94C1AE99}.Release|Any CPU.ActiveCfg = Release|Any CPU
		{0797D66C-C31C-4097-8CD5-8B8B94C1AE99}.Release|Any CPU.Build.0 = Release|Any CPU
		{276079B6-32A9-40B3-8914-2CBC83AE0C06}.Debug|Any CPU.ActiveCfg = Debug|Any CPU
		{276079B6-32A9-40B3-8914-2CBC83AE0C06}.Debug|Any CPU.Build.0 = Debug|Any CPU
		{276079B6-32A9-40B3-8914-2CBC83AE0C06}.Release|Any CPU.ActiveCfg = Release|Any CPU
		{276079B6-32A9-40B3-8914-2CBC83AE0C06}.Release|Any CPU.Build.0 = Release|Any CPU
	EndGlobalSection
	GlobalSection(SolutionProperties) = preSolution
		HideSolutionNode = FALSE
	EndGlobalSection
	GlobalSection(ExtensibilityGlobals) = postSolution
		SolutionGuid = {AC21A6B7-572A-4279-AD5E-B8D18683A5CE}
	EndGlobalSection
EndGlobal
